
Microsoft Visual Studio Solution File, Format Version 12.00
# Visual Studio Version 17
VisualStudioVersion = 17.8.34525.116
MinimumVisualStudioVersion = 10.0.40219.1
Project("{9A19103F-16F7-4668-BE54-9A1E7A4F7556}") = "AlloyDemo", "AlloyDemo.csproj", "{D694BFB4-1B7B-4401-884E-4385CCCA3FC4}"
EndProject
Global
	GlobalSection(SolutionConfigurationPlatforms) = preSolution
		Debug|Any CPU = Debug|Any CPU
		Release|Any CPU = Release|Any CPU
	EndGlobalSection
	GlobalSection(ProjectConfigurationPlatforms) = postSolution
		{D694BFB4-1B7B-4401-884E-4385CCCA3FC4}.Debug|Any CPU.ActiveCfg = Debug|Any CPU
		{D694BFB4-1B7B-4401-884E-4385CCCA3FC4}.Debug|Any CPU.Build.0 = Debug|Any CPU
		{D694BFB4-1B7B-4401-884E-4385CCCA3FC4}.Release|Any CPU.ActiveCfg = Release|Any CPU
		{D694BFB4-1B7B-4401-884E-4385CCCA3FC4}.Release|Any CPU.Build.0 = Release|Any CPU
	EndGlobalSection
	GlobalSection(SolutionProperties) = preSolution
		HideSolutionNode = FALSE
	EndGlobalSection
	GlobalSection(ExtensibilityGlobals) = postSolution
		SolutionGuid = {95E14686-9B1C-4BB9-8FA0-03DE83ED4935}
	EndGlobalSection
EndGlobal
